{
  "object": {
    "pins": [
      {
        "package": "MicroClient",
        "repositoryURL": "https://github.com/otaviocc/MicroClient.git",
        "state": {
          "branch": null,
          "revision": "e9af5e057db3d29f01aa4e6f8cd21e36ce0fbf22",
          "version": "0.0.2"
        }
      }
    ]
  },
  "version": 1
}
