{
  "object": {
    "pins": [
      {
        "package": "MicroClient",
        "repositoryURL": "https://github.com/otaviocc/MicroClient.git",
        "state": {
          "branch": null,
          "revision": "4805cfd4f14aad45358ec26cbeb64abe5ef3be80",
          "version": "0.0.3"
        }
      }
    ]
  },
  "version": 1
}
