{
  "object": {
    "pins": [
      {
        "package": "MicroClient",
        "repositoryURL": "https://github.com/MicroClientSwift/MicroClient",
        "state": {
          "branch": null,
          "revision": "d959c10b6160de50cfa9ef300bb45ddec607cd7b",
          "version": "0.0.6"
        }
      }
    ]
  },
  "version": 1
}
